
Microsoft Visual Studio Solution File, Format Version 12.00
# Visual Studio Version 16
VisualStudioVersion = 16.0.31624.102
MinimumVisualStudioVersion = 10.0.40219.1
Project("{FAE04EC0-301F-11D3-BF4B-00C04F79EFBC}") = "prova1", "prova1\prova1.csproj", "{F26CE14A-48C5-4D85-8582-0FCE6AC5CAD4}"
EndProject
Global
	GlobalSection(SolutionConfigurationPlatforms) = preSolution
		Debug|Any CPU = Debug|Any CPU
		Release|Any CPU = Release|Any CPU
	EndGlobalSection
	GlobalSection(ProjectConfigurationPlatforms) = postSolution
		{F26CE14A-48C5-4D85-8582-0FCE6AC5CAD4}.Debug|Any CPU.ActiveCfg = Debug|Any CPU
		{F26CE14A-48C5-4D85-8582-0FCE6AC5CAD4}.Debug|Any CPU.Build.0 = Debug|Any CPU
		{F26CE14A-48C5-4D85-8582-0FCE6AC5CAD4}.Release|Any CPU.ActiveCfg = Release|Any CPU
		{F26CE14A-48C5-4D85-8582-0FCE6AC5CAD4}.Release|Any CPU.Build.0 = Release|Any CPU
	EndGlobalSection
	GlobalSection(SolutionProperties) = preSolution
		HideSolutionNode = FALSE
	EndGlobalSection
	GlobalSection(ExtensibilityGlobals) = postSolution
		SolutionGuid = {A960BE73-856C-46F6-8972-5849BB8DDF57}
	EndGlobalSection
EndGlobal
